// !$*UTF8*$!
{
	archiveVersion = 1;
	classes = {
	};
	objectVersion = 46;
	objects = {

/* Begin PBXBuildFile section */
		46C02BEF1A83E40C004DEA43 /* main.m in Sources */ = {isa = PBXBuildFile; fileRef = 46C02BEE1A83E40C004DEA43 /* main.m */; };
		46C02BF61A83E425004DEA43 /* config.yaml in Sources */ = {isa = PBXBuildFile; fileRef = 46C02BF51A83E41A004DEA43 /* config.yaml */; };
/* End PBXBuildFile section */

/* Begin PBXBuildRule section */
		46C02BF71A83E429004DEA43 /* PBXBuildRule */ = {
			isa = PBXBuildRule;
			compilerSpec = com.apple.compilers.proxy.script;
			filePatterns = "*.yaml";
			fileType = pattern.proxy;
			isEditable = 1;
			name = "Compile config.yaml";
			outputFiles = (
				"$(DERIVED_FILE_DIR)/xcconf.m",
			);
			script = /usr/local/bin/xcconf;
		};
/* End PBXBuildRule section */

/* Begin PBXCopyFilesBuildPhase section */
		46C02BE91A83E40C004DEA43 /* CopyFiles */ = {
			isa = PBXCopyFilesBuildPhase;
			buildActionMask = 2147483647;
			dstPath = /usr/share/man/man1/;
			dstSubfolderSpec = 0;
			files = (
			);
			runOnlyForDeploymentPostprocessing = 1;
		};
/* End PBXCopyFilesBuildPhase section */

/* Begin PBXFileReference section */
		46C02BEB1A83E40C004DEA43 /* Sample */ = {isa = PBXFileReference; explicitFileType = "compiled.mach-o.executable"; includeInIndex = 0; path = Sample; sourceTree = BUILT_PRODUCTS_DIR; };
		46C02BEE1A83E40C004DEA43 /* main.m */ = {isa = PBXFileReference; lastKnownFileType = sourcecode.c.objc; path = main.m; sourceTree = "<group>"; };
		46C02BF51A83E41A004DEA43 /* config.yaml */ = {isa = PBXFileReference; fileEncoding = 4; lastKnownFileType = text; path = config.yaml; sourceTree = "<group>"; };
		46C02BF81A83E45A004DEA43 /* Config.h */ = {isa = PBXFileReference; fileEncoding = 4; lastKnownFileType = sourcecode.c.h; path = Config.h; sourceTree = "<group>"; };
/* End PBXFileReference section */

/* Begin PBXFrameworksBuildPhase section */
		46C02BE81A83E40C004DEA43 /* Frameworks */ = {
			isa = PBXFrameworksBuildPhase;
			buildActionMask = 2147483647;
			files = (
			);
			runOnlyForDeploymentPostprocessing = 0;
		};
/* End PBXFrameworksBuildPhase section */

/* Begin PBXGroup section */
		46C02BE21A83E40C004DEA43 = {
			isa = PBXGroup;
			children = (
				46C02BED1A83E40C004DEA43 /* Sample */,
				46C02BEC1A83E40C004DEA43 /* Products */,
			);
			sourceTree = "<group>";
		};
		46C02BEC1A83E40C004DEA43 /* Products */ = {
			isa = PBXGroup;
			children = (
				46C02BEB1A83E40C004DEA43 /* Sample */,
			);
			name = Products;
			sourceTree = "<group>";
		};
		46C02BED1A83E40C004DEA43 /* Sample */ = {
			isa = PBXGroup;
			children = (
				46C02BEE1A83E40C004DEA43 /* main.m */,
				46C02BF51A83E41A004DEA43 /* config.yaml */,
				46C02BF81A83E45A004DEA43 /* Config.h */,
			);
			path = Sample;
			sourceTree = "<group>";
		};
/* End PBXGroup section */

/* Begin PBXNativeTarget section */
		46C02BEA1A83E40C004DEA43 /* Sample */ = {
			isa = PBXNativeTarget;
			buildConfigurationList = 46C02BF21A83E40C004DEA43 /* Build configuration list for PBXNativeTarget "Sample" */;
			buildPhases = (
				46C02BE71A83E40C004DEA43 /* Sources */,
				46C02BE81A83E40C004DEA43 /* Frameworks */,
				46C02BE91A83E40C004DEA43 /* CopyFiles */,
			);
			buildRules = (
				46C02BF71A83E429004DEA43 /* PBXBuildRule */,
			);
			dependencies = (
			);
			name = Sample;
			productName = Sample;
			productReference = 46C02BEB1A83E40C004DEA43 /* Sample */;
			productType = "com.apple.product-type.tool";
		};
/* End PBXNativeTarget section */

/* Begin PBXProject section */
		46C02BE31A83E40C004DEA43 /* Project object */ = {
			isa = PBXProject;
			attributes = {
				LastUpgradeCheck = 0610;
				ORGANIZATIONNAME = AlexDenisov;
				TargetAttributes = {
					46C02BEA1A83E40C004DEA43 = {
						CreatedOnToolsVersion = 6.1.1;
					};
				};
			};
			buildConfigurationList = 46C02BE61A83E40C004DEA43 /* Build configuration list for PBXProject "Sample" */;
			compatibilityVersion = "Xcode 3.2";
			developmentRegion = English;
			hasScannedForEncodings = 0;
			knownRegions = (
				en,
			);
			mainGroup = 46C02BE21A83E40C004DEA43;
			productRefGroup = 46C02BEC1A83E40C004DEA43 /* Products */;
			projectDirPath = "";
			projectRoot = "";
			targets = (
				46C02BEA1A83E40C004DEA43 /* Sample */,
			);
		};
/* End PBXProject section */

/* Begin PBXSourcesBuildPhase section */
		46C02BE71A83E40C004DEA43 /* Sources */ = {
			isa = PBXSourcesBuildPhase;
			buildActionMask = 2147483647;
			files = (
				46C02BF61A83E425004DEA43 /* config.yaml in Sources */,
				46C02BEF1A83E40C004DEA43 /* main.m in Sources */,
			);
			runOnlyForDeploymentPostprocessing = 0;
		};
/* End PBXSourcesBuildPhase section */

/* Begin XCBuildConfiguration section */
		46C02BF01A83E40C004DEA43 /* Debug */ = {
			isa = XCBuildConfiguration;
			buildSettings = {
				ALWAYS_SEARCH_USER_PATHS = NO;
				CLANG_CXX_LANGUAGE_STANDARD = "gnu++0x";
				CLANG_CXX_LIBRARY = "libc++";
				CLANG_ENABLE_MODULES = YES;
				CLANG_ENABLE_OBJC_ARC = YES;
				CLANG_WARN_BOOL_CONVERSION = YES;
				CLANG_WARN_CONSTANT_CONVERSION = YES;
				CLANG_WARN_DIRECT_OBJC_ISA_USAGE = YES_ERROR;
				CLANG_WARN_EMPTY_BODY = YES;
				CLANG_WARN_ENUM_CONVERSION = YES;
				CLANG_WARN_INT_CONVERSION = YES;
				CLANG_WARN_OBJC_ROOT_CLASS = YES_ERROR;
				CLANG_WARN_UNREACHABLE_CODE = YES;
				CLANG_WARN__DUPLICATE_METHOD_MATCH = YES;
				COPY_PHASE_STRIP = NO;
				ENABLE_STRICT_OBJC_MSGSEND = YES;
				GCC_C_LANGUAGE_STANDARD = gnu99;
				GCC_DYNAMIC_NO_PIC = NO;
				GCC_OPTIMIZATION_LEVEL = 0;
				GCC_PREPROCESSOR_DEFINITIONS = (
					"DEBUG=1",
					"$(inherited)",
				);
				GCC_SYMBOLS_PRIVATE_EXTERN = NO;
				GCC_WARN_64_TO_32_BIT_CONVERSION = YES;
				GCC_WARN_ABOUT_RETURN_TYPE = YES_ERROR;
				GCC_WARN_UNDECLARED_SELECTOR = YES;
				GCC_WARN_UNINITIALIZED_AUTOS = YES_AGGRESSIVE;
				GCC_WARN_UNUSED_FUNCTION = YES;
				GCC_WARN_UNUSED_VARIABLE = YES;
				MACOSX_DEPLOYMENT_TARGET = 10.10;
				MTL_ENABLE_DEBUG_INFO = YES;
				ONLY_ACTIVE_ARCH = YES;
				SDKROOT = macosx;
			};
			name = Debug;
		};
		46C02BF11A83E40C004DEA43 /* Release */ = {
			isa = XCBuildConfiguration;
			buildSettings = {
				ALWAYS_SEARCH_USER_PATHS = NO;
				CLANG_CXX_LANGUAGE_STANDARD = "gnu++0x";
				CLANG_CXX_LIBRARY = "libc++";
				CLANG_ENABLE_MODULES = YES;
				CLANG_ENABLE_OBJC_ARC = YES;
				CLANG_WARN_BOOL_CONVERSION = YES;
				CLANG_WARN_CONSTANT_CONVERSION = YES;
				CLANG_WARN_DIRECT_OBJC_ISA_USAGE = YES_ERROR;
				CLANG_WARN_EMPTY_BODY = YES;
				CLANG_WARN_ENUM_CONVERSION = YES;
				CLANG_WARN_INT_CONVERSION = YES;
				CLANG_WARN_OBJC_ROOT_CLASS = YES_ERROR;
				CLANG_WARN_UNREACHABLE_CODE = YES;
				CLANG_WARN__DUPLICATE_METHOD_MATCH = YES;
				COPY_PHASE_STRIP = YES;
				DEBUG_INFORMATION_FORMAT = "dwarf-with-dsym";
				ENABLE_NS_ASSERTIONS = NO;
				ENABLE_STRICT_OBJC_MSGSEND = YES;
				GCC_C_LANGUAGE_STANDARD = gnu99;
				GCC_WARN_64_TO_32_BIT_CONVERSION = YES;
				GCC_WARN_ABOUT_RETURN_TYPE = YES_ERROR;
				GCC_WARN_UNDECLARED_SELECTOR = YES;
				GCC_WARN_UNINITIALIZED_AUTOS = YES_AGGRESSIVE;
				GCC_WARN_UNUSED_FUNCTION = YES;
				GCC_WARN_UNUSED_VARIABLE = YES;
				MACOSX_DEPLOYMENT_TARGET = 10.10;
				MTL_ENABLE_DEBUG_INFO = NO;
				SDKROOT = macosx;
			};
			name = Release;
		};
		46C02BF31A83E40C004DEA43 /* Debug */ = {
			isa = XCBuildConfiguration;
			buildSettings = {
				PRODUCT_NAME = "$(TARGET_NAME)";
			};
			name = Debug;
		};
		46C02BF41A83E40C004DEA43 /* Release */ = {
			isa = XCBuildConfiguration;
			buildSettings = {
				PRODUCT_NAME = "$(TARGET_NAME)";
			};
			name = Release;
		};
/* End XCBuildConfiguration section */

/* Begin XCConfigurationList section */
		46C02BE61A83E40C004DEA43 /* Build configuration list for PBXProject "Sample" */ = {
			isa = XCConfigurationList;
			buildConfigurations = (
				46C02BF01A83E40C004DEA43 /* Debug */,
				46C02BF11A83E40C004DEA43 /* Release */,
			);
			defaultConfigurationIsVisible = 0;
			defaultConfigurationName = Release;
		};
		46C02BF21A83E40C004DEA43 /* Build configuration list for PBXNativeTarget "Sample" */ = {
			isa = XCConfigurationList;
			buildConfigurations = (
				46C02BF31A83E40C004DEA43 /* Debug */,
				46C02BF41A83E40C004DEA43 /* Release */,
			);
			defaultConfigurationIsVisible = 0;
		};
/* End XCConfigurationList section */
	};
	rootObject = 46C02BE31A83E40C004DEA43 /* Project object */;
}
